// !$*UTF8*$!
{
	archiveVersion = 1;
	classes = {
	};
	objectVersion = 55;
	objects = {

/* Begin PBXBuildFile section */
		71499017AD576438B51A1D2F /* Pods_sample1Tests.framework in Frameworks */ = {isa = PBXBuildFile; fileRef = 83AA8713CCF46D02FEE9962F /* Pods_sample1Tests.framework */; };
		77F53E3CBD78203A72C0BB4F /* Pods_sample1.framework in Frameworks */ = {isa = PBXBuildFile; fileRef = AE2A1695BA4BBAFD4D996939 /* Pods_sample1.framework */; };
		8D2B89CE5511B578A3534921 /* Pods_sample1_sample1UITests.framework in Frameworks */ = {isa = PBXBuildFile; fileRef = 384A5B534013EBA628B047EB /* Pods_sample1_sample1UITests.framework */; };
		D85F965A27A1BC84005584B0 /* sample1App.swift in Sources */ = {isa = PBXBuildFile; fileRef = D85F965927A1BC84005584B0 /* sample1App.swift */; };
		D85F965C27A1BC84005584B0 /* ContentView.swift in Sources */ = {isa = PBXBuildFile; fileRef = D85F965B27A1BC84005584B0 /* ContentView.swift */; };
		D85F965E27A1BC85005584B0 /* Assets.xcassets in Resources */ = {isa = PBXBuildFile; fileRef = D85F965D27A1BC85005584B0 /* Assets.xcassets */; };
		D85F966127A1BC85005584B0 /* Preview Assets.xcassets in Resources */ = {isa = PBXBuildFile; fileRef = D85F966027A1BC85005584B0 /* Preview Assets.xcassets */; };
		D85F966B27A1BC85005584B0 /* sample1Tests.swift in Sources */ = {isa = PBXBuildFile; fileRef = D85F966A27A1BC85005584B0 /* sample1Tests.swift */; };
		D85F967527A1BC85005584B0 /* sample1UITests.swift in Sources */ = {isa = PBXBuildFile; fileRef = D85F967427A1BC85005584B0 /* sample1UITests.swift */; };
		D85F967727A1BC85005584B0 /* sample1UITestsLaunchTests.swift in Sources */ = {isa = PBXBuildFile; fileRef = D85F967627A1BC85005584B0 /* sample1UITestsLaunchTests.swift */; };
		D85F968627A1BED4005584B0 /* Alamofire in Frameworks */ = {isa = PBXBuildFile; productRef = D85F968527A1BED4005584B0 /* Alamofire */; };
		D85F968A27A1C048005584B0 /* SPMTestOne in Frameworks */ = {isa = PBXBuildFile; productRef = D85F968927A1C048005584B0 /* SPMTestOne */; };
/* End PBXBuildFile section */

/* Begin PBXContainerItemProxy section */
		D85F966727A1BC85005584B0 /* PBXContainerItemProxy */ = {
			isa = PBXContainerItemProxy;
			containerPortal = D85F964E27A1BC84005584B0 /* Project object */;
			proxyType = 1;
			remoteGlobalIDString = D85F965527A1BC84005584B0;
			remoteInfo = sample1;
		};
		D85F967127A1BC85005584B0 /* PBXContainerItemProxy */ = {
			isa = PBXContainerItemProxy;
			containerPortal = D85F964E27A1BC84005584B0 /* Project object */;
			proxyType = 1;
			remoteGlobalIDString = D85F965527A1BC84005584B0;
			remoteInfo = sample1;
		};
/* End PBXContainerItemProxy section */

/* Begin PBXFileReference section */
		01873316242C5E4C5DBAC6C2 /* Pods-sample1Tests.debug.xcconfig */ = {isa = PBXFileReference; includeInIndex = 1; lastKnownFileType = text.xcconfig; name = "Pods-sample1Tests.debug.xcconfig"; path = "Target Support Files/Pods-sample1Tests/Pods-sample1Tests.debug.xcconfig"; sourceTree = "<group>"; };
		106FB80204AC8A71B84ABDEC /* Pods-sample1.debug.xcconfig */ = {isa = PBXFileReference; includeInIndex = 1; lastKnownFileType = text.xcconfig; name = "Pods-sample1.debug.xcconfig"; path = "Target Support Files/Pods-sample1/Pods-sample1.debug.xcconfig"; sourceTree = "<group>"; };
		384A5B534013EBA628B047EB /* Pods_sample1_sample1UITests.framework */ = {isa = PBXFileReference; explicitFileType = wrapper.framework; includeInIndex = 0; path = Pods_sample1_sample1UITests.framework; sourceTree = BUILT_PRODUCTS_DIR; };
		83AA8713CCF46D02FEE9962F /* Pods_sample1Tests.framework */ = {isa = PBXFileReference; explicitFileType = wrapper.framework; includeInIndex = 0; path = Pods_sample1Tests.framework; sourceTree = BUILT_PRODUCTS_DIR; };
		91B5946D10258C440FBBEB50 /* Pods-sample1Tests.release.xcconfig */ = {isa = PBXFileReference; includeInIndex = 1; lastKnownFileType = text.xcconfig; name = "Pods-sample1Tests.release.xcconfig"; path = "Target Support Files/Pods-sample1Tests/Pods-sample1Tests.release.xcconfig"; sourceTree = "<group>"; };
		92C23A3F35BBF1750222E941 /* Pods-sample1-sample1UITests.release.xcconfig */ = {isa = PBXFileReference; includeInIndex = 1; lastKnownFileType = text.xcconfig; name = "Pods-sample1-sample1UITests.release.xcconfig"; path = "Target Support Files/Pods-sample1-sample1UITests/Pods-sample1-sample1UITests.release.xcconfig"; sourceTree = "<group>"; };
		AE2A1695BA4BBAFD4D996939 /* Pods_sample1.framework */ = {isa = PBXFileReference; explicitFileType = wrapper.framework; includeInIndex = 0; path = Pods_sample1.framework; sourceTree = BUILT_PRODUCTS_DIR; };
		D7A5A3A204DDDD0FB75AEB1C /* Pods-sample1-sample1UITests.debug.xcconfig */ = {isa = PBXFileReference; includeInIndex = 1; lastKnownFileType = text.xcconfig; name = "Pods-sample1-sample1UITests.debug.xcconfig"; path = "Target Support Files/Pods-sample1-sample1UITests/Pods-sample1-sample1UITests.debug.xcconfig"; sourceTree = "<group>"; };
		D85F965627A1BC84005584B0 /* sample1.app */ = {isa = PBXFileReference; explicitFileType = wrapper.application; includeInIndex = 0; path = sample1.app; sourceTree = BUILT_PRODUCTS_DIR; };
		D85F965927A1BC84005584B0 /* sample1App.swift */ = {isa = PBXFileReference; lastKnownFileType = sourcecode.swift; path = sample1App.swift; sourceTree = "<group>"; };
		D85F965B27A1BC84005584B0 /* ContentView.swift */ = {isa = PBXFileReference; lastKnownFileType = sourcecode.swift; path = ContentView.swift; sourceTree = "<group>"; };
		D85F965D27A1BC85005584B0 /* Assets.xcassets */ = {isa = PBXFileReference; lastKnownFileType = folder.assetcatalog; path = Assets.xcassets; sourceTree = "<group>"; };
		D85F966027A1BC85005584B0 /* Preview Assets.xcassets */ = {isa = PBXFileReference; lastKnownFileType = folder.assetcatalog; path = "Preview Assets.xcassets"; sourceTree = "<group>"; };
		D85F966627A1BC85005584B0 /* sample1Tests.xctest */ = {isa = PBXFileReference; explicitFileType = wrapper.cfbundle; includeInIndex = 0; path = sample1Tests.xctest; sourceTree = BUILT_PRODUCTS_DIR; };
		D85F966A27A1BC85005584B0 /* sample1Tests.swift */ = {isa = PBXFileReference; lastKnownFileType = sourcecode.swift; path = sample1Tests.swift; sourceTree = "<group>"; };
		D85F967027A1BC85005584B0 /* sample1UITests.xctest */ = {isa = PBXFileReference; explicitFileType = wrapper.cfbundle; includeInIndex = 0; path = sample1UITests.xctest; sourceTree = BUILT_PRODUCTS_DIR; };
		D85F967427A1BC85005584B0 /* sample1UITests.swift */ = {isa = PBXFileReference; lastKnownFileType = sourcecode.swift; path = sample1UITests.swift; sourceTree = "<group>"; };
		D85F967627A1BC85005584B0 /* sample1UITestsLaunchTests.swift */ = {isa = PBXFileReference; lastKnownFileType = sourcecode.swift; path = sample1UITestsLaunchTests.swift; sourceTree = "<group>"; };
		DFFE5D7F0B8A284E5479074D /* Pods-sample1.release.xcconfig */ = {isa = PBXFileReference; includeInIndex = 1; lastKnownFileType = text.xcconfig; name = "Pods-sample1.release.xcconfig"; path = "Target Support Files/Pods-sample1/Pods-sample1.release.xcconfig"; sourceTree = "<group>"; };
/* End PBXFileReference section */

/* Begin PBXFrameworksBuildPhase section */
		D85F965327A1BC84005584B0 /* Frameworks */ = {
			isa = PBXFrameworksBuildPhase;
			buildActionMask = 2147483647;
			files = (
				77F53E3CBD78203A72C0BB4F /* Pods_sample1.framework in Frameworks */,
				D85F968A27A1C048005584B0 /* SPMTestOne in Frameworks */,
				D85F968627A1BED4005584B0 /* Alamofire in Frameworks */,
			);
			runOnlyForDeploymentPostprocessing = 0;
		};
		D85F966327A1BC85005584B0 /* Frameworks */ = {
			isa = PBXFrameworksBuildPhase;
			buildActionMask = 2147483647;
			files = (
				71499017AD576438B51A1D2F /* Pods_sample1Tests.framework in Frameworks */,
			);
			runOnlyForDeploymentPostprocessing = 0;
		};
		D85F966D27A1BC85005584B0 /* Frameworks */ = {
			isa = PBXFrameworksBuildPhase;
			buildActionMask = 2147483647;
			files = (
				8D2B89CE5511B578A3534921 /* Pods_sample1_sample1UITests.framework in Frameworks */,
			);
			runOnlyForDeploymentPostprocessing = 0;
		};
/* End PBXFrameworksBuildPhase section */

/* Begin PBXGroup section */
		125CE59FCEFEBCE88B2CE605 /* Frameworks */ = {
			isa = PBXGroup;
			children = (
				AE2A1695BA4BBAFD4D996939 /* Pods_sample1.framework */,
				384A5B534013EBA628B047EB /* Pods_sample1_sample1UITests.framework */,
				83AA8713CCF46D02FEE9962F /* Pods_sample1Tests.framework */,
			);
			name = Frameworks;
			sourceTree = "<group>";
		};
		468FDABDAD54EB1214225B8E /* Pods */ = {
			isa = PBXGroup;
			children = (
				106FB80204AC8A71B84ABDEC /* Pods-sample1.debug.xcconfig */,
				DFFE5D7F0B8A284E5479074D /* Pods-sample1.release.xcconfig */,
				D7A5A3A204DDDD0FB75AEB1C /* Pods-sample1-sample1UITests.debug.xcconfig */,
				92C23A3F35BBF1750222E941 /* Pods-sample1-sample1UITests.release.xcconfig */,
				01873316242C5E4C5DBAC6C2 /* Pods-sample1Tests.debug.xcconfig */,
				91B5946D10258C440FBBEB50 /* Pods-sample1Tests.release.xcconfig */,
			);
			path = Pods;
			sourceTree = "<group>";
		};
		D85F964D27A1BC84005584B0 = {
			isa = PBXGroup;
			children = (
				D85F965827A1BC84005584B0 /* sample1 */,
				D85F966927A1BC85005584B0 /* sample1Tests */,
				D85F967327A1BC85005584B0 /* sample1UITests */,
				D85F965727A1BC84005584B0 /* Products */,
				468FDABDAD54EB1214225B8E /* Pods */,
				125CE59FCEFEBCE88B2CE605 /* Frameworks */,
			);
			sourceTree = "<group>";
		};
		D85F965727A1BC84005584B0 /* Products */ = {
			isa = PBXGroup;
			children = (
				D85F965627A1BC84005584B0 /* sample1.app */,
				D85F966627A1BC85005584B0 /* sample1Tests.xctest */,
				D85F967027A1BC85005584B0 /* sample1UITests.xctest */,
			);
			name = Products;
			sourceTree = "<group>";
		};
		D85F965827A1BC84005584B0 /* sample1 */ = {
			isa = PBXGroup;
			children = (
				D85F965927A1BC84005584B0 /* sample1App.swift */,
				D85F965B27A1BC84005584B0 /* ContentView.swift */,
				D85F965D27A1BC85005584B0 /* Assets.xcassets */,
				D85F965F27A1BC85005584B0 /* Preview Content */,
			);
			path = sample1;
			sourceTree = "<group>";
		};
		D85F965F27A1BC85005584B0 /* Preview Content */ = {
			isa = PBXGroup;
			children = (
				D85F966027A1BC85005584B0 /* Preview Assets.xcassets */,
			);
			path = "Preview Content";
			sourceTree = "<group>";
		};
		D85F966927A1BC85005584B0 /* sample1Tests */ = {
			isa = PBXGroup;
			children = (
				D85F966A27A1BC85005584B0 /* sample1Tests.swift */,
			);
			path = sample1Tests;
			sourceTree = "<group>";
		};
		D85F967327A1BC85005584B0 /* sample1UITests */ = {
			isa = PBXGroup;
			children = (
				D85F967427A1BC85005584B0 /* sample1UITests.swift */,
				D85F967627A1BC85005584B0 /* sample1UITestsLaunchTests.swift */,
			);
			path = sample1UITests;
			sourceTree = "<group>";
		};
/* End PBXGroup section */

/* Begin PBXNativeTarget section */
		D85F965527A1BC84005584B0 /* sample1 */ = {
			isa = PBXNativeTarget;
			buildConfigurationList = D85F967A27A1BC85005584B0 /* Build configuration list for PBXNativeTarget "sample1" */;
			buildPhases = (
				48B341C2D68BA0B1468A9555 /* [CP] Check Pods Manifest.lock */,
				D85F965227A1BC84005584B0 /* Sources */,
				D85F965327A1BC84005584B0 /* Frameworks */,
				D85F965427A1BC84005584B0 /* Resources */,
				6432061306756196D6FA31C7 /* [CP] Embed Pods Frameworks */,
			);
			buildRules = (
			);
			dependencies = (
			);
			name = sample1;
			packageProductDependencies = (
				D85F968527A1BED4005584B0 /* Alamofire */,
				D85F968927A1C048005584B0 /* SPMTestOne */,
			);
			productName = sample1;
			productReference = D85F965627A1BC84005584B0 /* sample1.app */;
			productType = "com.apple.product-type.application";
		};
		D85F966527A1BC85005584B0 /* sample1Tests */ = {
			isa = PBXNativeTarget;
			buildConfigurationList = D85F967D27A1BC85005584B0 /* Build configuration list for PBXNativeTarget "sample1Tests" */;
			buildPhases = (
				AB8507832156334DDDE82E86 /* [CP] Check Pods Manifest.lock */,
				D85F966227A1BC85005584B0 /* Sources */,
				D85F966327A1BC85005584B0 /* Frameworks */,
				D85F966427A1BC85005584B0 /* Resources */,
			);
			buildRules = (
			);
			dependencies = (
				D85F966827A1BC85005584B0 /* PBXTargetDependency */,
			);
			name = sample1Tests;
			productName = sample1Tests;
			productReference = D85F966627A1BC85005584B0 /* sample1Tests.xctest */;
			productType = "com.apple.product-type.bundle.unit-test";
		};
		D85F966F27A1BC85005584B0 /* sample1UITests */ = {
			isa = PBXNativeTarget;
			buildConfigurationList = D85F968027A1BC85005584B0 /* Build configuration list for PBXNativeTarget "sample1UITests" */;
			buildPhases = (
				067F218F4442E791773C1EE2 /* [CP] Check Pods Manifest.lock */,
				D85F966C27A1BC85005584B0 /* Sources */,
				D85F966D27A1BC85005584B0 /* Frameworks */,
				D85F966E27A1BC85005584B0 /* Resources */,
				AEAB9D76BAA373CF54A0690C /* [CP] Embed Pods Frameworks */,
			);
			buildRules = (
			);
			dependencies = (
				D85F967227A1BC85005584B0 /* PBXTargetDependency */,
			);
			name = sample1UITests;
			productName = sample1UITests;
			productReference = D85F967027A1BC85005584B0 /* sample1UITests.xctest */;
			productType = "com.apple.product-type.bundle.ui-testing";
		};
/* End PBXNativeTarget section */

/* Begin PBXProject section */
		D85F964E27A1BC84005584B0 /* Project object */ = {
			isa = PBXProject;
			attributes = {
				BuildIndependentTargetsInParallel = 1;
				LastSwiftUpdateCheck = 1300;
				LastUpgradeCheck = 1300;
				TargetAttributes = {
					D85F965527A1BC84005584B0 = {
						CreatedOnToolsVersion = 13.0;
					};
					D85F966527A1BC85005584B0 = {
						CreatedOnToolsVersion = 13.0;
						TestTargetID = D85F965527A1BC84005584B0;
					};
					D85F966F27A1BC85005584B0 = {
						CreatedOnToolsVersion = 13.0;
						TestTargetID = D85F965527A1BC84005584B0;
					};
				};
			};
			buildConfigurationList = D85F965127A1BC84005584B0 /* Build configuration list for PBXProject "sample1" */;
			compatibilityVersion = "Xcode 13.0";
			developmentRegion = en;
			hasScannedForEncodings = 0;
			knownRegions = (
				en,
				Base,
			);
			mainGroup = D85F964D27A1BC84005584B0;
			packageReferences = (
				D85F968427A1BED4005584B0 /* XCRemoteSwiftPackageReference "Alamofire" */,
				D85F968827A1C048005584B0 /* XCRemoteSwiftPackageReference "SPMTestOne-main" */,
			);
			productRefGroup = D85F965727A1BC84005584B0 /* Products */;
			projectDirPath = "";
			projectRoot = "";
			targets = (
				D85F965527A1BC84005584B0 /* sample1 */,
				D85F966527A1BC85005584B0 /* sample1Tests */,
				D85F966F27A1BC85005584B0 /* sample1UITests */,
			);
		};
/* End PBXProject section */

/* Begin PBXResourcesBuildPhase section */
		D85F965427A1BC84005584B0 /* Resources */ = {
			isa = PBXResourcesBuildPhase;
			buildActionMask = 2147483647;
			files = (
				D85F966127A1BC85005584B0 /* Preview Assets.xcassets in Resources */,
				D85F965E27A1BC85005584B0 /* Assets.xcassets in Resources */,
			);
			runOnlyForDeploymentPostprocessing = 0;
		};
		D85F966427A1BC85005584B0 /* Resources */ = {
			isa = PBXResourcesBuildPhase;
			buildActionMask = 2147483647;
			files = (
			);
			runOnlyForDeploymentPostprocessing = 0;
		};
		D85F966E27A1BC85005584B0 /* Resources */ = {
			isa = PBXResourcesBuildPhase;
			buildActionMask = 2147483647;
			files = (
			);
			runOnlyForDeploymentPostprocessing = 0;
		};
/* End PBXResourcesBuildPhase section */

/* Begin PBXShellScriptBuildPhase section */
		067F218F4442E791773C1EE2 /* [CP] Check Pods Manifest.lock */ = {
			isa = PBXShellScriptBuildPhase;
			buildActionMask = 2147483647;
			files = (
			);
			inputFileListPaths = (
			);
			inputPaths = (
				"${PODS_PODFILE_DIR_PATH}/Podfile.lock",
				"${PODS_ROOT}/Manifest.lock",
			);
			name = "[CP] Check Pods Manifest.lock";
			outputFileListPaths = (
			);
			outputPaths = (
				"$(DERIVED_FILE_DIR)/Pods-sample1-sample1UITests-checkManifestLockResult.txt",
			);
			runOnlyForDeploymentPostprocessing = 0;
			shellPath = /bin/sh;
			shellScript = "diff \"${PODS_PODFILE_DIR_PATH}/Podfile.lock\" \"${PODS_ROOT}/Manifest.lock\" > /dev/null\nif [ $? != 0 ] ; then\n    # print error to STDERR\n    echo \"error: The sandbox is not in sync with the Podfile.lock. Run 'pod install' or update your CocoaPods installation.\" >&2\n    exit 1\nfi\n# This output is used by Xcode 'outputs' to avoid re-running this script phase.\necho \"SUCCESS\" > \"${SCRIPT_OUTPUT_FILE_0}\"\n";
			showEnvVarsInLog = 0;
		};
		48B341C2D68BA0B1468A9555 /* [CP] Check Pods Manifest.lock */ = {
			isa = PBXShellScriptBuildPhase;
			buildActionMask = 2147483647;
			files = (
			);
			inputFileListPaths = (
			);
			inputPaths = (
				"${PODS_PODFILE_DIR_PATH}/Podfile.lock",
				"${PODS_ROOT}/Manifest.lock",
			);
			name = "[CP] Check Pods Manifest.lock";
			outputFileListPaths = (
			);
			outputPaths = (
				"$(DERIVED_FILE_DIR)/Pods-sample1-checkManifestLockResult.txt",
			);
			runOnlyForDeploymentPostprocessing = 0;
			shellPath = /bin/sh;
			shellScript = "diff \"${PODS_PODFILE_DIR_PATH}/Podfile.lock\" \"${PODS_ROOT}/Manifest.lock\" > /dev/null\nif [ $? != 0 ] ; then\n    # print error to STDERR\n    echo \"error: The sandbox is not in sync with the Podfile.lock. Run 'pod install' or update your CocoaPods installation.\" >&2\n    exit 1\nfi\n# This output is used by Xcode 'outputs' to avoid re-running this script phase.\necho \"SUCCESS\" > \"${SCRIPT_OUTPUT_FILE_0}\"\n";
			showEnvVarsInLog = 0;
		};
		6432061306756196D6FA31C7 /* [CP] Embed Pods Frameworks */ = {
			isa = PBXShellScriptBuildPhase;
			buildActionMask = 2147483647;
			files = (
			);
			inputFileListPaths = (
				"${PODS_ROOT}/Target Support Files/Pods-sample1/Pods-sample1-frameworks-${CONFIGURATION}-input-files.xcfilelist",
			);
			name = "[CP] Embed Pods Frameworks";
			outputFileListPaths = (
				"${PODS_ROOT}/Target Support Files/Pods-sample1/Pods-sample1-frameworks-${CONFIGURATION}-output-files.xcfilelist",
			);
			runOnlyForDeploymentPostprocessing = 0;
			shellPath = /bin/sh;
			shellScript = "\"${PODS_ROOT}/Target Support Files/Pods-sample1/Pods-sample1-frameworks.sh\"\n";
			showEnvVarsInLog = 0;
		};
		AB8507832156334DDDE82E86 /* [CP] Check Pods Manifest.lock */ = {
			isa = PBXShellScriptBuildPhase;
			buildActionMask = 2147483647;
			files = (
			);
			inputFileListPaths = (
			);
			inputPaths = (
				"${PODS_PODFILE_DIR_PATH}/Podfile.lock",
				"${PODS_ROOT}/Manifest.lock",
			);
			name = "[CP] Check Pods Manifest.lock";
			outputFileListPaths = (
			);
			outputPaths = (
				"$(DERIVED_FILE_DIR)/Pods-sample1Tests-checkManifestLockResult.txt",
			);
			runOnlyForDeploymentPostprocessing = 0;
			shellPath = /bin/sh;
			shellScript = "diff \"${PODS_PODFILE_DIR_PATH}/Podfile.lock\" \"${PODS_ROOT}/Manifest.lock\" > /dev/null\nif [ $? != 0 ] ; then\n    # print error to STDERR\n    echo \"error: The sandbox is not in sync with the Podfile.lock. Run 'pod install' or update your CocoaPods installation.\" >&2\n    exit 1\nfi\n# This output is used by Xcode 'outputs' to avoid re-running this script phase.\necho \"SUCCESS\" > \"${SCRIPT_OUTPUT_FILE_0}\"\n";
			showEnvVarsInLog = 0;
		};
		AEAB9D76BAA373CF54A0690C /* [CP] Embed Pods Frameworks */ = {
			isa = PBXShellScriptBuildPhase;
			buildActionMask = 2147483647;
			files = (
			);
			inputFileListPaths = (
				"${PODS_ROOT}/Target Support Files/Pods-sample1-sample1UITests/Pods-sample1-sample1UITests-frameworks-${CONFIGURATION}-input-files.xcfilelist",
			);
			name = "[CP] Embed Pods Frameworks";
			outputFileListPaths = (
				"${PODS_ROOT}/Target Support Files/Pods-sample1-sample1UITests/Pods-sample1-sample1UITests-frameworks-${CONFIGURATION}-output-files.xcfilelist",
			);
			runOnlyForDeploymentPostprocessing = 0;
			shellPath = /bin/sh;
			shellScript = "\"${PODS_ROOT}/Target Support Files/Pods-sample1-sample1UITests/Pods-sample1-sample1UITests-frameworks.sh\"\n";
			showEnvVarsInLog = 0;
		};
/* End PBXShellScriptBuildPhase section */

/* Begin PBXSourcesBuildPhase section */
		D85F965227A1BC84005584B0 /* Sources */ = {
			isa = PBXSourcesBuildPhase;
			buildActionMask = 2147483647;
			files = (
				D85F965C27A1BC84005584B0 /* ContentView.swift in Sources */,
				D85F965A27A1BC84005584B0 /* sample1App.swift in Sources */,
			);
			runOnlyForDeploymentPostprocessing = 0;
		};
		D85F966227A1BC85005584B0 /* Sources */ = {
			isa = PBXSourcesBuildPhase;
			buildActionMask = 2147483647;
			files = (
				D85F966B27A1BC85005584B0 /* sample1Tests.swift in Sources */,
			);
			runOnlyForDeploymentPostprocessing = 0;
		};
		D85F966C27A1BC85005584B0 /* Sources */ = {
			isa = PBXSourcesBuildPhase;
			buildActionMask = 2147483647;
			files = (
				D85F967727A1BC85005584B0 /* sample1UITestsLaunchTests.swift in Sources */,
				D85F967527A1BC85005584B0 /* sample1UITests.swift in Sources */,
			);
			runOnlyForDeploymentPostprocessing = 0;
		};
/* End PBXSourcesBuildPhase section */

/* Begin PBXTargetDependency section */
		D85F966827A1BC85005584B0 /* PBXTargetDependency */ = {
			isa = PBXTargetDependency;
			target = D85F965527A1BC84005584B0 /* sample1 */;
			targetProxy = D85F966727A1BC85005584B0 /* PBXContainerItemProxy */;
		};
		D85F967227A1BC85005584B0 /* PBXTargetDependency */ = {
			isa = PBXTargetDependency;
			target = D85F965527A1BC84005584B0 /* sample1 */;
			targetProxy = D85F967127A1BC85005584B0 /* PBXContainerItemProxy */;
		};
/* End PBXTargetDependency section */

/* Begin XCBuildConfiguration section */
		D85F967827A1BC85005584B0 /* Debug */ = {
			isa = XCBuildConfiguration;
			buildSettings = {
				ALWAYS_SEARCH_USER_PATHS = NO;
				CLANG_ANALYZER_NONNULL = YES;
				CLANG_ANALYZER_NUMBER_OBJECT_CONVERSION = YES_AGGRESSIVE;
				CLANG_CXX_LANGUAGE_STANDARD = "gnu++17";
				CLANG_CXX_LIBRARY = "libc++";
				CLANG_ENABLE_MODULES = YES;
				CLANG_ENABLE_OBJC_ARC = YES;
				CLANG_ENABLE_OBJC_WEAK = YES;
				CLANG_WARN_BLOCK_CAPTURE_AUTORELEASING = YES;
				CLANG_WARN_BOOL_CONVERSION = YES;
				CLANG_WARN_COMMA = YES;
				CLANG_WARN_CONSTANT_CONVERSION = YES;
				CLANG_WARN_DEPRECATED_OBJC_IMPLEMENTATIONS = YES;
				CLANG_WARN_DIRECT_OBJC_ISA_USAGE = YES_ERROR;
				CLANG_WARN_DOCUMENTATION_COMMENTS = YES;
				CLANG_WARN_EMPTY_BODY = YES;
				CLANG_WARN_ENUM_CONVERSION = YES;
				CLANG_WARN_INFINITE_RECURSION = YES;
				CLANG_WARN_INT_CONVERSION = YES;
				CLANG_WARN_NON_LITERAL_NULL_CONVERSION = YES;
				CLANG_WARN_OBJC_IMPLICIT_RETAIN_SELF = YES;
				CLANG_WARN_OBJC_LITERAL_CONVERSION = YES;
				CLANG_WARN_OBJC_ROOT_CLASS = YES_ERROR;
				CLANG_WARN_QUOTED_INCLUDE_IN_FRAMEWORK_HEADER = YES;
				CLANG_WARN_RANGE_LOOP_ANALYSIS = YES;
				CLANG_WARN_STRICT_PROTOTYPES = YES;
				CLANG_WARN_SUSPICIOUS_MOVE = YES;
				CLANG_WARN_UNGUARDED_AVAILABILITY = YES_AGGRESSIVE;
				CLANG_WARN_UNREACHABLE_CODE = YES;
				CLANG_WARN__DUPLICATE_METHOD_MATCH = YES;
				COPY_PHASE_STRIP = NO;
				DEBUG_INFORMATION_FORMAT = dwarf;
				ENABLE_STRICT_OBJC_MSGSEND = YES;
				ENABLE_TESTABILITY = YES;
				GCC_C_LANGUAGE_STANDARD = gnu11;
				GCC_DYNAMIC_NO_PIC = NO;
				GCC_NO_COMMON_BLOCKS = YES;
				GCC_OPTIMIZATION_LEVEL = 0;
				GCC_PREPROCESSOR_DEFINITIONS = (
					"DEBUG=1",
					"$(inherited)",
				);
				GCC_WARN_64_TO_32_BIT_CONVERSION = YES;
				GCC_WARN_ABOUT_RETURN_TYPE = YES_ERROR;
				GCC_WARN_UNDECLARED_SELECTOR = YES;
				GCC_WARN_UNINITIALIZED_AUTOS = YES_AGGRESSIVE;
				GCC_WARN_UNUSED_FUNCTION = YES;
				GCC_WARN_UNUSED_VARIABLE = YES;
				IPHONEOS_DEPLOYMENT_TARGET = 15.0;
				MTL_ENABLE_DEBUG_INFO = INCLUDE_SOURCE;
				MTL_FAST_MATH = YES;
				ONLY_ACTIVE_ARCH = YES;
				SDKROOT = iphoneos;
				SWIFT_ACTIVE_COMPILATION_CONDITIONS = DEBUG;
				SWIFT_OPTIMIZATION_LEVEL = "-Onone";
			};
			name = Debug;
		};
		D85F967927A1BC85005584B0 /* Release */ = {
			isa = XCBuildConfiguration;
			buildSettings = {
				ALWAYS_SEARCH_USER_PATHS = NO;
				CLANG_ANALYZER_NONNULL = YES;
				CLANG_ANALYZER_NUMBER_OBJECT_CONVERSION = YES_AGGRESSIVE;
				CLANG_CXX_LANGUAGE_STANDARD = "gnu++17";
				CLANG_CXX_LIBRARY = "libc++";
				CLANG_ENABLE_MODULES = YES;
				CLANG_ENABLE_OBJC_ARC = YES;
				CLANG_ENABLE_OBJC_WEAK = YES;
				CLANG_WARN_BLOCK_CAPTURE_AUTORELEASING = YES;
				CLANG_WARN_BOOL_CONVERSION = YES;
				CLANG_WARN_COMMA = YES;
				CLANG_WARN_CONSTANT_CONVERSION = YES;
				CLANG_WARN_DEPRECATED_OBJC_IMPLEMENTATIONS = YES;
				CLANG_WARN_DIRECT_OBJC_ISA_USAGE = YES_ERROR;
				CLANG_WARN_DOCUMENTATION_COMMENTS = YES;
				CLANG_WARN_EMPTY_BODY = YES;
				CLANG_WARN_ENUM_CONVERSION = YES;
				CLANG_WARN_INFINITE_RECURSION = YES;
				CLANG_WARN_INT_CONVERSION = YES;
				CLANG_WARN_NON_LITERAL_NULL_CONVERSION = YES;
				CLANG_WARN_OBJC_IMPLICIT_RETAIN_SELF = YES;
				CLANG_WARN_OBJC_LITERAL_CONVERSION = YES;
				CLANG_WARN_OBJC_ROOT_CLASS = YES_ERROR;
				CLANG_WARN_QUOTED_INCLUDE_IN_FRAMEWORK_HEADER = YES;
				CLANG_WARN_RANGE_LOOP_ANALYSIS = YES;
				CLANG_WARN_STRICT_PROTOTYPES = YES;
				CLANG_WARN_SUSPICIOUS_MOVE = YES;
				CLANG_WARN_UNGUARDED_AVAILABILITY = YES_AGGRESSIVE;
				CLANG_WARN_UNREACHABLE_CODE = YES;
				CLANG_WARN__DUPLICATE_METHOD_MATCH = YES;
				COPY_PHASE_STRIP = NO;
				DEBUG_INFORMATION_FORMAT = "dwarf-with-dsym";
				ENABLE_NS_ASSERTIONS = NO;
				ENABLE_STRICT_OBJC_MSGSEND = YES;
				GCC_C_LANGUAGE_STANDARD = gnu11;
				GCC_NO_COMMON_BLOCKS = YES;
				GCC_WARN_64_TO_32_BIT_CONVERSION = YES;
				GCC_WARN_ABOUT_RETURN_TYPE = YES_ERROR;
				GCC_WARN_UNDECLARED_SELECTOR = YES;
				GCC_WARN_UNINITIALIZED_AUTOS = YES_AGGRESSIVE;
				GCC_WARN_UNUSED_FUNCTION = YES;
				GCC_WARN_UNUSED_VARIABLE = YES;
				IPHONEOS_DEPLOYMENT_TARGET = 15.0;
				MTL_ENABLE_DEBUG_INFO = NO;
				MTL_FAST_MATH = YES;
				SDKROOT = iphoneos;
				SWIFT_COMPILATION_MODE = wholemodule;
				SWIFT_OPTIMIZATION_LEVEL = "-O";
				VALIDATE_PRODUCT = YES;
			};
			name = Release;
		};
		D85F967B27A1BC85005584B0 /* Debug */ = {
			isa = XCBuildConfiguration;
			baseConfigurationReference = 106FB80204AC8A71B84ABDEC /* Pods-sample1.debug.xcconfig */;
			buildSettings = {
				ASSETCATALOG_COMPILER_APPICON_NAME = AppIcon;
				ASSETCATALOG_COMPILER_GLOBAL_ACCENT_COLOR_NAME = AccentColor;
				CODE_SIGN_STYLE = Automatic;
				CURRENT_PROJECT_VERSION = 1;
				DEVELOPMENT_ASSET_PATHS = "\"sample1/Preview Content\"";
				ENABLE_PREVIEWS = YES;
				GENERATE_INFOPLIST_FILE = YES;
				INFOPLIST_KEY_UIApplicationSceneManifest_Generation = YES;
				INFOPLIST_KEY_UIApplicationSupportsIndirectInputEvents = YES;
				INFOPLIST_KEY_UILaunchScreen_Generation = YES;
				INFOPLIST_KEY_UISupportedInterfaceOrientations_iPad = "UIInterfaceOrientationPortrait UIInterfaceOrientationPortraitUpsideDown UIInterfaceOrientationLandscapeLeft UIInterfaceOrientationLandscapeRight";
				INFOPLIST_KEY_UISupportedInterfaceOrientations_iPhone = "UIInterfaceOrientationPortrait UIInterfaceOrientationLandscapeLeft UIInterfaceOrientationLandscapeRight";
				IPHONEOS_DEPLOYMENT_TARGET = 14.0;
				LD_RUNPATH_SEARCH_PATHS = (
					"$(inherited)",
					"@executable_path/Frameworks",
				);
				MARKETING_VERSION = 1.0;
				PRODUCT_BUNDLE_IDENTIFIER = ewb.sample1;
				PRODUCT_NAME = "$(TARGET_NAME)";
				SWIFT_EMIT_LOC_STRINGS = YES;
				SWIFT_VERSION = 5.0;
				TARGETED_DEVICE_FAMILY = "1,2";
			};
			name = Debug;
		};
		D85F967C27A1BC85005584B0 /* Release */ = {
			isa = XCBuildConfiguration;
			baseConfigurationReference = DFFE5D7F0B8A284E5479074D /* Pods-sample1.release.xcconfig */;
			buildSettings = {
				ASSETCATALOG_COMPILER_APPICON_NAME = AppIcon;
				ASSETCATALOG_COMPILER_GLOBAL_ACCENT_COLOR_NAME = AccentColor;
				CODE_SIGN_STYLE = Automatic;
				CURRENT_PROJECT_VERSION = 1;
				DEVELOPMENT_ASSET_PATHS = "\"sample1/Preview Content\"";
				ENABLE_PREVIEWS = YES;
				GENERATE_INFOPLIST_FILE = YES;
				INFOPLIST_KEY_UIApplicationSceneManifest_Generation = YES;
				INFOPLIST_KEY_UIApplicationSupportsIndirectInputEvents = YES;
				INFOPLIST_KEY_UILaunchScreen_Generation = YES;
				INFOPLIST_KEY_UISupportedInterfaceOrientations_iPad = "UIInterfaceOrientationPortrait UIInterfaceOrientationPortraitUpsideDown UIInterfaceOrientationLandscapeLeft UIInterfaceOrientationLandscapeRight";
				INFOPLIST_KEY_UISupportedInterfaceOrientations_iPhone = "UIInterfaceOrientationPortrait UIInterfaceOrientationLandscapeLeft UIInterfaceOrientationLandscapeRight";
				IPHONEOS_DEPLOYMENT_TARGET = 14.0;
				LD_RUNPATH_SEARCH_PATHS = (
					"$(inherited)",
					"@executable_path/Frameworks",
				);
				MARKETING_VERSION = 1.0;
				PRODUCT_BUNDLE_IDENTIFIER = ewb.sample1;
				PRODUCT_NAME = "$(TARGET_NAME)";
				SWIFT_EMIT_LOC_STRINGS = YES;
				SWIFT_VERSION = 5.0;
				TARGETED_DEVICE_FAMILY = "1,2";
			};
			name = Release;
		};
		D85F967E27A1BC85005584B0 /* Debug */ = {
			isa = XCBuildConfiguration;
			baseConfigurationReference = 01873316242C5E4C5DBAC6C2 /* Pods-sample1Tests.debug.xcconfig */;
			buildSettings = {
				ALWAYS_EMBED_SWIFT_STANDARD_LIBRARIES = YES;
				BUNDLE_LOADER = "$(TEST_HOST)";
				CODE_SIGN_STYLE = Automatic;
				CURRENT_PROJECT_VERSION = 1;
				GENERATE_INFOPLIST_FILE = YES;
				IPHONEOS_DEPLOYMENT_TARGET = 14.0;
				LD_RUNPATH_SEARCH_PATHS = (
					"$(inherited)",
					"@executable_path/Frameworks",
					"@loader_path/Frameworks",
				);
				MARKETING_VERSION = 1.0;
				PRODUCT_BUNDLE_IDENTIFIER = ewb.sample1Tests;
				PRODUCT_NAME = "$(TARGET_NAME)";
				SWIFT_EMIT_LOC_STRINGS = NO;
				SWIFT_VERSION = 5.0;
				TARGETED_DEVICE_FAMILY = "1,2";
				TEST_HOST = "$(BUILT_PRODUCTS_DIR)/sample1.app/sample1";
			};
			name = Debug;
		};
		D85F967F27A1BC85005584B0 /* Release */ = {
			isa = XCBuildConfiguration;
			baseConfigurationReference = 91B5946D10258C440FBBEB50 /* Pods-sample1Tests.release.xcconfig */;
			buildSettings = {
				ALWAYS_EMBED_SWIFT_STANDARD_LIBRARIES = YES;
				BUNDLE_LOADER = "$(TEST_HOST)";
				CODE_SIGN_STYLE = Automatic;
				CURRENT_PROJECT_VERSION = 1;
				GENERATE_INFOPLIST_FILE = YES;
				IPHONEOS_DEPLOYMENT_TARGET = 14.0;
				LD_RUNPATH_SEARCH_PATHS = (
					"$(inherited)",
					"@executable_path/Frameworks",
					"@loader_path/Frameworks",
				);
				MARKETING_VERSION = 1.0;
				PRODUCT_BUNDLE_IDENTIFIER = ewb.sample1Tests;
				PRODUCT_NAME = "$(TARGET_NAME)";
				SWIFT_EMIT_LOC_STRINGS = NO;
				SWIFT_VERSION = 5.0;
				TARGETED_DEVICE_FAMILY = "1,2";
				TEST_HOST = "$(BUILT_PRODUCTS_DIR)/sample1.app/sample1";
			};
			name = Release;
		};
		D85F968127A1BC85005584B0 /* Debug */ = {
			isa = XCBuildConfiguration;
			baseConfigurationReference = D7A5A3A204DDDD0FB75AEB1C /* Pods-sample1-sample1UITests.debug.xcconfig */;
			buildSettings = {
				ALWAYS_EMBED_SWIFT_STANDARD_LIBRARIES = YES;
				CODE_SIGN_STYLE = Automatic;
				CURRENT_PROJECT_VERSION = 1;
				GENERATE_INFOPLIST_FILE = YES;
				LD_RUNPATH_SEARCH_PATHS = (
					"$(inherited)",
					"@executable_path/Frameworks",
					"@loader_path/Frameworks",
				);
				MARKETING_VERSION = 1.0;
				PRODUCT_BUNDLE_IDENTIFIER = ewb.sample1UITests;
				PRODUCT_NAME = "$(TARGET_NAME)";
				SWIFT_EMIT_LOC_STRINGS = NO;
				SWIFT_VERSION = 5.0;
				TARGETED_DEVICE_FAMILY = "1,2";
				TEST_TARGET_NAME = sample1;
			};
			name = Debug;
		};
		D85F968227A1BC85005584B0 /* Release */ = {
			isa = XCBuildConfiguration;
			baseConfigurationReference = 92C23A3F35BBF1750222E941 /* Pods-sample1-sample1UITests.release.xcconfig */;
			buildSettings = {
				ALWAYS_EMBED_SWIFT_STANDARD_LIBRARIES = YES;
				CODE_SIGN_STYLE = Automatic;
				CURRENT_PROJECT_VERSION = 1;
				GENERATE_INFOPLIST_FILE = YES;
				LD_RUNPATH_SEARCH_PATHS = (
					"$(inherited)",
					"@executable_path/Frameworks",
					"@loader_path/Frameworks",
				);
				MARKETING_VERSION = 1.0;
				PRODUCT_BUNDLE_IDENTIFIER = ewb.sample1UITests;
				PRODUCT_NAME = "$(TARGET_NAME)";
				SWIFT_EMIT_LOC_STRINGS = NO;
				SWIFT_VERSION = 5.0;
				TARGETED_DEVICE_FAMILY = "1,2";
				TEST_TARGET_NAME = sample1;
			};
			name = Release;
		};
/* End XCBuildConfiguration section */

/* Begin XCConfigurationList section */
		D85F965127A1BC84005584B0 /* Build configuration list for PBXProject "sample1" */ = {
			isa = XCConfigurationList;
			buildConfigurations = (
				D85F967827A1BC85005584B0 /* Debug */,
				D85F967927A1BC85005584B0 /* Release */,
			);
			defaultConfigurationIsVisible = 0;
			defaultConfigurationName = Release;
		};
		D85F967A27A1BC85005584B0 /* Build configuration list for PBXNativeTarget "sample1" */ = {
			isa = XCConfigurationList;
			buildConfigurations = (
				D85F967B27A1BC85005584B0 /* Debug */,
				D85F967C27A1BC85005584B0 /* Release */,
			);
			defaultConfigurationIsVisible = 0;
			defaultConfigurationName = Release;
		};
		D85F967D27A1BC85005584B0 /* Build configuration list for PBXNativeTarget "sample1Tests" */ = {
			isa = XCConfigurationList;
			buildConfigurations = (
				D85F967E27A1BC85005584B0 /* Debug */,
				D85F967F27A1BC85005584B0 /* Release */,
			);
			defaultConfigurationIsVisible = 0;
			defaultConfigurationName = Release;
		};
		D85F968027A1BC85005584B0 /* Build configuration list for PBXNativeTarget "sample1UITests" */ = {
			isa = XCConfigurationList;
			buildConfigurations = (
				D85F968127A1BC85005584B0 /* Debug */,
				D85F968227A1BC85005584B0 /* Release */,
			);
			defaultConfigurationIsVisible = 0;
			defaultConfigurationName = Release;
		};
/* End XCConfigurationList section */

/* Begin XCRemoteSwiftPackageReference section */
		D85F968427A1BED4005584B0 /* XCRemoteSwiftPackageReference "Alamofire" */ = {
			isa = XCRemoteSwiftPackageReference;
			repositoryURL = "https://github.com/Alamofire/Alamofire.git";
			requirement = {
				branch = master;
				kind = branch;
			};
		};
		D85F968827A1C048005584B0 /* XCRemoteSwiftPackageReference "SPMTestOne-main" */ = {
			isa = XCRemoteSwiftPackageReference;
			repositoryURL = "https://github.com/yugandharkommineni/SPMTestOne-main";
			requirement = {
				branch = main;
				kind = branch;
			};
		};
/* End XCRemoteSwiftPackageReference section */

/* Begin XCSwiftPackageProductDependency section */
		D85F968527A1BED4005584B0 /* Alamofire */ = {
			isa = XCSwiftPackageProductDependency;
			package = D85F968427A1BED4005584B0 /* XCRemoteSwiftPackageReference "Alamofire" */;
			productName = Alamofire;
		};
		D85F968927A1C048005584B0 /* SPMTestOne */ = {
			isa = XCSwiftPackageProductDependency;
			package = D85F968827A1C048005584B0 /* XCRemoteSwiftPackageReference "SPMTestOne-main" */;
			productName = SPMTestOne;
		};
/* End XCSwiftPackageProductDependency section */
	};
	rootObject = D85F964E27A1BC84005584B0 /* Project object */;
}
